// !$*UTF8*$!
{
	archiveVersion = 1;
	classes = {
	};
	objectVersion = 46;
	objects = {

/* Begin PBXBuildFile section */
		0B15B1611DDE44210099EAB7 /* MapKit.framework in Frameworks */ = {isa = PBXBuildFile; fileRef = 0B15B1601DDE44210099EAB7 /* MapKit.framework */; };
		0B193EA91DD891150023DFEB /* Impostazioni.swift in Sources */ = {isa = PBXBuildFile; fileRef = 0B193EA81DD891150023DFEB /* Impostazioni.swift */; };
		0B193EAB1DD893A50023DFEB /* Info.swift in Sources */ = {isa = PBXBuildFile; fileRef = 0B193EAA1DD893A50023DFEB /* Info.swift */; };
		0B193EAD1DD893DA0023DFEB /* HyundaiTucsonItalia.swift in Sources */ = {isa = PBXBuildFile; fileRef = 0B193EAC1DD893DA0023DFEB /* HyundaiTucsonItalia.swift */; };
		0B193EB41DD8A92F0023DFEB /* LaunchScreen.xib in Resources */ = {isa = PBXBuildFile; fileRef = 0B193EB21DD8A92F0023DFEB /* LaunchScreen.xib */; };
		0B193EB91DD8A94A0023DFEB /* LaunchScreen.strings in Resources */ = {isa = PBXBuildFile; fileRef = 0B193EB51DD8A94A0023DFEB /* LaunchScreen.strings */; };
		0B2861851DD679FA00A3F74D /* Facebook.swift in Sources */ = {isa = PBXBuildFile; fileRef = 0B2861841DD679FA00A3F74D /* Facebook.swift */; };
		0B2E049E1DD7BD960011C9CF /* Localizable.strings in Resources */ = {isa = PBXBuildFile; fileRef = 0B2E04A01DD7BD960011C9CF /* Localizable.strings */; };
		0BD2C5A51DDFA17C00A83091 /* Bolts.framework in Frameworks */ = {isa = PBXBuildFile; fileRef = 0BD2C5A41DDFA17C00A83091 /* Bolts.framework */; };
		0BD2C5A71DDFA18A00A83091 /* FBSDKCoreKit.framework in Frameworks */ = {isa = PBXBuildFile; fileRef = 0BD2C5A61DDFA18A00A83091 /* FBSDKCoreKit.framework */; };
		0BD2C5A91DDFA19600A83091 /* FBSDKLoginKit.framework in Frameworks */ = {isa = PBXBuildFile; fileRef = 0BD2C5A81DDFA19600A83091 /* FBSDKLoginKit.framework */; };
		0BD2C5AB1DDFA19F00A83091 /* FBSDKShareKit.framework in Frameworks */ = {isa = PBXBuildFile; fileRef = 0BD2C5AA1DDFA19F00A83091 /* FBSDKShareKit.framework */; };
		0BD2C5AD1DDFAADE00A83091 /* FBSDKShareKit.framework in Frameworks */ = {isa = PBXBuildFile; fileRef = 0BD2C5AC1DDFAADE00A83091 /* FBSDKShareKit.framework */; };
		0BD2C5AF1DDFAAED00A83091 /* FBSDKLoginKit.framework in Frameworks */ = {isa = PBXBuildFile; fileRef = 0BD2C5AE1DDFAAED00A83091 /* FBSDKLoginKit.framework */; };
		0BD2C5B11DDFAB0100A83091 /* FBSDKCoreKit.framework in Frameworks */ = {isa = PBXBuildFile; fileRef = 0BD2C5B01DDFAB0100A83091 /* FBSDKCoreKit.framework */; };
		0BD2C5B31DDFAB0700A83091 /* Bolts.framework in Frameworks */ = {isa = PBXBuildFile; fileRef = 0BD2C5B21DDFAB0700A83091 /* Bolts.framework */; };
		753A55C31BB073E900254F27 /* AppDelegate.swift in Sources */ = {isa = PBXBuildFile; fileRef = 753A55C21BB073E900254F27 /* AppDelegate.swift */; };
		753A55C81BB073E900254F27 /* Main.storyboard in Resources */ = {isa = PBXBuildFile; fileRef = 753A55C61BB073E900254F27 /* Main.storyboard */; };
		753A55CA1BB073E900254F27 /* Images.xcassets in Resources */ = {isa = PBXBuildFile; fileRef = 753A55C91BB073E900254F27 /* Images.xcassets */; };
		753A55E31BB0753B00254F27 /* MenuViewController.swift in Sources */ = {isa = PBXBuildFile; fileRef = 753A55E21BB0753B00254F27 /* MenuViewController.swift */; };
		753A55E51BB0755100254F27 /* BaseViewController.swift in Sources */ = {isa = PBXBuildFile; fileRef = 753A55E41BB0755100254F27 /* BaseViewController.swift */; };
		8B7FB53CC17A5C72DCB7E5E7 /* Pods_Tucson.framework in Frameworks */ = {isa = PBXBuildFile; fileRef = 256ADD50FD893FB56F7E4187 /* Pods_Tucson.framework */; };
		C6EEF9F61CB7E2AD00A3DC6D /* Storico.swift in Sources */ = {isa = PBXBuildFile; fileRef = C6EEF9F51CB7E2AD00A3DC6D /* Storico.swift */; };
		C6EEF9F81CB7E4E000A3DC6D /* Mappa.swift in Sources */ = {isa = PBXBuildFile; fileRef = C6EEF9F71CB7E4E000A3DC6D /* Mappa.swift */; };
/* End PBXBuildFile section */

/* Begin PBXFileReference section */
		05A8807611E6B82A8243C81A /* Pods-Tucson.debug.xcconfig */ = {isa = PBXFileReference; includeInIndex = 1; lastKnownFileType = text.xcconfig; name = "Pods-Tucson.debug.xcconfig"; path = "Pods/Target Support Files/Pods-Tucson/Pods-Tucson.debug.xcconfig"; sourceTree = "<group>"; };
		0B15B1601DDE44210099EAB7 /* MapKit.framework */ = {isa = PBXFileReference; lastKnownFileType = wrapper.framework; name = MapKit.framework; path = System/Library/Frameworks/MapKit.framework; sourceTree = SDKROOT; };
		0B193EA81DD891150023DFEB /* Impostazioni.swift */ = {isa = PBXFileReference; fileEncoding = 4; lastKnownFileType = sourcecode.swift; path = Impostazioni.swift; sourceTree = "<group>"; };
		0B193EAA1DD893A50023DFEB /* Info.swift */ = {isa = PBXFileReference; fileEncoding = 4; lastKnownFileType = sourcecode.swift; path = Info.swift; sourceTree = "<group>"; };
		0B193EAC1DD893DA0023DFEB /* HyundaiTucsonItalia.swift */ = {isa = PBXFileReference; fileEncoding = 4; lastKnownFileType = sourcecode.swift; path = HyundaiTucsonItalia.swift; sourceTree = "<group>"; };
		0B193EB31DD8A92F0023DFEB /* Base */ = {isa = PBXFileReference; lastKnownFileType = file.xib; name = Base; path = AKSwiftSlideMenu/Base.lproj/LaunchScreen.xib; sourceTree = "<group>"; };
		0B193EBB1DD8A9600023DFEB /* it */ = {isa = PBXFileReference; lastKnownFileType = text.plist.strings; name = it; path = AKSwiftSlideMenu/it.lproj/LaunchScreen.strings; sourceTree = "<group>"; };
		0B19945B1DE09C1900912AC5 /* Tucson.entitlements */ = {isa = PBXFileReference; lastKnownFileType = text.plist.entitlements; path = Tucson.entitlements; sourceTree = "<group>"; };
		0B2145841DE799D1007BA1E7 /* Base */ = {isa = PBXFileReference; lastKnownFileType = text.plist.strings; name = Base; path = AKSwiftSlideMenu/Base.lproj/LaunchScreen.strings; sourceTree = "<group>"; };
		0B2861841DD679FA00A3F74D /* Facebook.swift */ = {isa = PBXFileReference; fileEncoding = 4; lastKnownFileType = sourcecode.swift; path = Facebook.swift; sourceTree = "<group>"; };
		0B2E04A11DD7BD9D0011C9CF /* Base */ = {isa = PBXFileReference; lastKnownFileType = text.plist.strings; name = Base; path = Base.lproj/Localizable.strings; sourceTree = "<group>"; };
		0B2E04A21DD7BE290011C9CF /* it */ = {isa = PBXFileReference; lastKnownFileType = text.plist.strings; name = it; path = it.lproj/Localizable.strings; sourceTree = "<group>"; };
		0BD2C5A41DDFA17C00A83091 /* Bolts.framework */ = {isa = PBXFileReference; lastKnownFileType = wrapper.framework; name = Bolts.framework; path = AKSwiftSlideMenu/Bolts.framework; sourceTree = "<group>"; };
		0BD2C5A61DDFA18A00A83091 /* FBSDKCoreKit.framework */ = {isa = PBXFileReference; lastKnownFileType = wrapper.framework; name = FBSDKCoreKit.framework; path = AKSwiftSlideMenu/FBSDKCoreKit.framework; sourceTree = "<group>"; };
		0BD2C5A81DDFA19600A83091 /* FBSDKLoginKit.framework */ = {isa = PBXFileReference; lastKnownFileType = wrapper.framework; name = FBSDKLoginKit.framework; path = AKSwiftSlideMenu/FBSDKLoginKit.framework; sourceTree = "<group>"; };
		0BD2C5AA1DDFA19F00A83091 /* FBSDKShareKit.framework */ = {isa = PBXFileReference; lastKnownFileType = wrapper.framework; name = FBSDKShareKit.framework; path = AKSwiftSlideMenu/FBSDKShareKit.framework; sourceTree = "<group>"; };
		0BD2C5AC1DDFAADE00A83091 /* FBSDKShareKit.framework */ = {isa = PBXFileReference; lastKnownFileType = wrapper.framework; path = FBSDKShareKit.framework; sourceTree = "<group>"; };
		0BD2C5AE1DDFAAED00A83091 /* FBSDKLoginKit.framework */ = {isa = PBXFileReference; lastKnownFileType = wrapper.framework; path = FBSDKLoginKit.framework; sourceTree = "<group>"; };
		0BD2C5B01DDFAB0100A83091 /* FBSDKCoreKit.framework */ = {isa = PBXFileReference; lastKnownFileType = wrapper.framework; path = FBSDKCoreKit.framework; sourceTree = "<group>"; };
		0BD2C5B21DDFAB0700A83091 /* Bolts.framework */ = {isa = PBXFileReference; lastKnownFileType = wrapper.framework; path = Bolts.framework; sourceTree = "<group>"; };
		228DF07774E9FC6604BB9C58 /* Pods-Tucson.release.xcconfig */ = {isa = PBXFileReference; includeInIndex = 1; lastKnownFileType = text.xcconfig; name = "Pods-Tucson.release.xcconfig"; path = "Pods/Target Support Files/Pods-Tucson/Pods-Tucson.release.xcconfig"; sourceTree = "<group>"; };
		256ADD50FD893FB56F7E4187 /* Pods_Tucson.framework */ = {isa = PBXFileReference; explicitFileType = wrapper.framework; includeInIndex = 0; path = Pods_Tucson.framework; sourceTree = BUILT_PRODUCTS_DIR; };
		753A55BD1BB073E900254F27 /* Tucson.app */ = {isa = PBXFileReference; explicitFileType = wrapper.application; includeInIndex = 0; path = Tucson.app; sourceTree = BUILT_PRODUCTS_DIR; };
		753A55C11BB073E900254F27 /* Info.plist */ = {isa = PBXFileReference; lastKnownFileType = text.plist.xml; path = Info.plist; sourceTree = "<group>"; };
		753A55C21BB073E900254F27 /* AppDelegate.swift */ = {isa = PBXFileReference; lastKnownFileType = sourcecode.swift; path = AppDelegate.swift; sourceTree = "<group>"; };
		753A55C71BB073E900254F27 /* Base */ = {isa = PBXFileReference; lastKnownFileType = file.storyboard; name = Base; path = Base.lproj/Main.storyboard; sourceTree = "<group>"; };
		753A55C91BB073E900254F27 /* Images.xcassets */ = {isa = PBXFileReference; lastKnownFileType = folder.assetcatalog; path = Images.xcassets; sourceTree = "<group>"; };
		753A55E21BB0753B00254F27 /* MenuViewController.swift */ = {isa = PBXFileReference; fileEncoding = 4; lastKnownFileType = sourcecode.swift; path = MenuViewController.swift; sourceTree = "<group>"; };
		753A55E41BB0755100254F27 /* BaseViewController.swift */ = {isa = PBXFileReference; fileEncoding = 4; lastKnownFileType = sourcecode.swift; path = BaseViewController.swift; sourceTree = "<group>"; };
		C6EEF9F51CB7E2AD00A3DC6D /* Storico.swift */ = {isa = PBXFileReference; fileEncoding = 4; lastKnownFileType = sourcecode.swift; path = Storico.swift; sourceTree = "<group>"; };
		C6EEF9F71CB7E4E000A3DC6D /* Mappa.swift */ = {isa = PBXFileReference; fileEncoding = 4; lastKnownFileType = sourcecode.swift; path = Mappa.swift; sourceTree = "<group>"; };
/* End PBXFileReference section */

/* Begin PBXFrameworksBuildPhase section */
		753A55BA1BB073E900254F27 /* Frameworks */ = {
			isa = PBXFrameworksBuildPhase;
			buildActionMask = 2147483647;
			files = (
				0BD2C5A51DDFA17C00A83091 /* Bolts.framework in Frameworks */,
				0BD2C5A71DDFA18A00A83091 /* FBSDKCoreKit.framework in Frameworks */,
				0BD2C5AB1DDFA19F00A83091 /* FBSDKShareKit.framework in Frameworks */,
				0BD2C5AD1DDFAADE00A83091 /* FBSDKShareKit.framework in Frameworks */,
				0BD2C5A91DDFA19600A83091 /* FBSDKLoginKit.framework in Frameworks */,
				0BD2C5B31DDFAB0700A83091 /* Bolts.framework in Frameworks */,
				0B15B1611DDE44210099EAB7 /* MapKit.framework in Frameworks */,
				0BD2C5AF1DDFAAED00A83091 /* FBSDKLoginKit.framework in Frameworks */,
				0BD2C5B11DDFAB0100A83091 /* FBSDKCoreKit.framework in Frameworks */,
				8B7FB53CC17A5C72DCB7E5E7 /* Pods_Tucson.framework in Frameworks */,
			);
			runOnlyForDeploymentPostprocessing = 0;
		};
/* End PBXFrameworksBuildPhase section */

/* Begin PBXGroup section */
		14B83010902189A110C2A236 /* Frameworks */ = {
			isa = PBXGroup;
			children = (
				0BD2C5AA1DDFA19F00A83091 /* FBSDKShareKit.framework */,
				0BD2C5A81DDFA19600A83091 /* FBSDKLoginKit.framework */,
				0BD2C5A61DDFA18A00A83091 /* FBSDKCoreKit.framework */,
				0BD2C5A41DDFA17C00A83091 /* Bolts.framework */,
				0B15B1601DDE44210099EAB7 /* MapKit.framework */,
				256ADD50FD893FB56F7E4187 /* Pods_Tucson.framework */,
			);
			name = Frameworks;
			sourceTree = "<group>";
		};
		753A55B41BB073E900254F27 = {
			isa = PBXGroup;
			children = (
				0B19945B1DE09C1900912AC5 /* Tucson.entitlements */,
				0BD2C5B21DDFAB0700A83091 /* Bolts.framework */,
				0BD2C5B01DDFAB0100A83091 /* FBSDKCoreKit.framework */,
				0BD2C5AE1DDFAAED00A83091 /* FBSDKLoginKit.framework */,
				0BD2C5AC1DDFAADE00A83091 /* FBSDKShareKit.framework */,
				0B193EB51DD8A94A0023DFEB /* LaunchScreen.strings */,
				0B193EB21DD8A92F0023DFEB /* LaunchScreen.xib */,
				753A55BF1BB073E900254F27 /* AKSwiftSlideMenu */,
				753A55BE1BB073E900254F27 /* Products */,
				B23AA5BC043959314A139FDF /* Pods */,
				14B83010902189A110C2A236 /* Frameworks */,
			);
			sourceTree = "<group>";
		};
		753A55BE1BB073E900254F27 /* Products */ = {
			isa = PBXGroup;
			children = (
				753A55BD1BB073E900254F27 /* Tucson.app */,
			);
			name = Products;
			sourceTree = "<group>";
		};
		753A55BF1BB073E900254F27 /* AKSwiftSlideMenu */ = {
			isa = PBXGroup;
			children = (
				753A55C21BB073E900254F27 /* AppDelegate.swift */,
				753A55E21BB0753B00254F27 /* MenuViewController.swift */,
				753A55E41BB0755100254F27 /* BaseViewController.swift */,
				C6EEF9F71CB7E4E000A3DC6D /* Mappa.swift */,
				C6EEF9F51CB7E2AD00A3DC6D /* Storico.swift */,
				0B2861841DD679FA00A3F74D /* Facebook.swift */,
				0B193EA81DD891150023DFEB /* Impostazioni.swift */,
				0B193EAA1DD893A50023DFEB /* Info.swift */,
				0B193EAC1DD893DA0023DFEB /* HyundaiTucsonItalia.swift */,
				753A55C61BB073E900254F27 /* Main.storyboard */,
				753A55C91BB073E900254F27 /* Images.xcassets */,
				753A55C01BB073E900254F27 /* Supporting Files */,
				0B2E04A01DD7BD960011C9CF /* Localizable.strings */,
			);
			path = AKSwiftSlideMenu;
			sourceTree = "<group>";
		};
		753A55C01BB073E900254F27 /* Supporting Files */ = {
			isa = PBXGroup;
			children = (
				753A55C11BB073E900254F27 /* Info.plist */,
			);
			name = "Supporting Files";
			sourceTree = "<group>";
		};
		B23AA5BC043959314A139FDF /* Pods */ = {
			isa = PBXGroup;
			children = (
				05A8807611E6B82A8243C81A /* Pods-Tucson.debug.xcconfig */,
				228DF07774E9FC6604BB9C58 /* Pods-Tucson.release.xcconfig */,
			);
			name = Pods;
			sourceTree = "<group>";
		};
/* End PBXGroup section */

/* Begin PBXNativeTarget section */
		753A55BC1BB073E900254F27 /* Tucson */ = {
			isa = PBXNativeTarget;
			buildConfigurationList = 753A55DC1BB073E900254F27 /* Build configuration list for PBXNativeTarget "Tucson" */;
			buildPhases = (
				0378DCCCC8B51ED7609A5623 /* [CP] Check Pods Manifest.lock */,
				753A55B91BB073E900254F27 /* Sources */,
				753A55BA1BB073E900254F27 /* Frameworks */,
				753A55BB1BB073E900254F27 /* Resources */,
				DBDB2C979C06E9282AC95A26 /* [CP] Embed Pods Frameworks */,
				81EC0BA7FA0A3C581DD6F73A /* [CP] Copy Pods Resources */,
			);
			buildRules = (
			);
			dependencies = (
			);
			name = Tucson;
			productName = AKSwiftSlideMenu;
			productReference = 753A55BD1BB073E900254F27 /* Tucson.app */;
			productType = "com.apple.product-type.application";
		};
/* End PBXNativeTarget section */

/* Begin PBXProject section */
		753A55B51BB073E900254F27 /* Project object */ = {
			isa = PBXProject;
			attributes = {
				LastSwiftMigration = 0700;
				LastSwiftUpdateCheck = 0700;
				LastUpgradeCheck = 0810;
				ORGANIZATIONNAME = Kode;
				TargetAttributes = {
					753A55BC1BB073E900254F27 = {
						CreatedOnToolsVersion = 6.4;
						DevelopmentTeam = G953MQ5VV3;
						LastSwiftMigration = 0800;
						SystemCapabilities = {
							com.apple.Keychain = {
								enabled = 1;
							};
						};
					};
				};
			};
			buildConfigurationList = 753A55B81BB073E900254F27 /* Build configuration list for PBXProject "Tucson" */;
			compatibilityVersion = "Xcode 3.2";
			developmentRegion = English;
			hasScannedForEncodings = 0;
			knownRegions = (
				en,
				Base,
				it,
			);
			mainGroup = 753A55B41BB073E900254F27;
			productRefGroup = 753A55BE1BB073E900254F27 /* Products */;
			projectDirPath = "";
			projectRoot = "";
			targets = (
				753A55BC1BB073E900254F27 /* Tucson */,
			);
		};
/* End PBXProject section */

/* Begin PBXResourcesBuildPhase section */
		753A55BB1BB073E900254F27 /* Resources */ = {
			isa = PBXResourcesBuildPhase;
			buildActionMask = 2147483647;
			files = (
				0B193EB41DD8A92F0023DFEB /* LaunchScreen.xib in Resources */,
				753A55C81BB073E900254F27 /* Main.storyboard in Resources */,
				0B2E049E1DD7BD960011C9CF /* Localizable.strings in Resources */,
				0B193EB91DD8A94A0023DFEB /* LaunchScreen.strings in Resources */,
				753A55CA1BB073E900254F27 /* Images.xcassets in Resources */,
			);
			runOnlyForDeploymentPostprocessing = 0;
		};
/* End PBXResourcesBuildPhase section */

/* Begin PBXShellScriptBuildPhase section */
		0378DCCCC8B51ED7609A5623 /* [CP] Check Pods Manifest.lock */ = {
			isa = PBXShellScriptBuildPhase;
			buildActionMask = 2147483647;
			files = (
			);
			inputPaths = (
			);
			name = "[CP] Check Pods Manifest.lock";
			outputPaths = (
			);
			runOnlyForDeploymentPostprocessing = 0;
			shellPath = /bin/sh;
			shellScript = "diff \"${PODS_ROOT}/../Podfile.lock\" \"${PODS_ROOT}/Manifest.lock\" > /dev/null\nif [ $? != 0 ] ; then\n    # print error to STDERR\n    echo \"error: The sandbox is not in sync with the Podfile.lock. Run 'pod install' or update your CocoaPods installation.\" >&2\n    exit 1\nfi\n";
			showEnvVarsInLog = 0;
		};
		81EC0BA7FA0A3C581DD6F73A /* [CP] Copy Pods Resources */ = {
			isa = PBXShellScriptBuildPhase;
			buildActionMask = 2147483647;
			files = (
			);
			inputPaths = (
			);
			name = "[CP] Copy Pods Resources";
			outputPaths = (
			);
			runOnlyForDeploymentPostprocessing = 0;
			shellPath = /bin/sh;
			shellScript = "\"${SRCROOT}/Pods/Target Support Files/Pods-Tucson/Pods-Tucson-resources.sh\"\n";
			showEnvVarsInLog = 0;
		};
		DBDB2C979C06E9282AC95A26 /* [CP] Embed Pods Frameworks */ = {
			isa = PBXShellScriptBuildPhase;
			buildActionMask = 2147483647;
			files = (
			);
			inputPaths = (
			);
			name = "[CP] Embed Pods Frameworks";
			outputPaths = (
			);
			runOnlyForDeploymentPostprocessing = 0;
			shellPath = /bin/sh;
			shellScript = "\"${SRCROOT}/Pods/Target Support Files/Pods-Tucson/Pods-Tucson-frameworks.sh\"\n";
			showEnvVarsInLog = 0;
		};
/* End PBXShellScriptBuildPhase section */

/* Begin PBXSourcesBuildPhase section */
		753A55B91BB073E900254F27 /* Sources */ = {
			isa = PBXSourcesBuildPhase;
			buildActionMask = 2147483647;
			files = (
				753A55E51BB0755100254F27 /* BaseViewController.swift in Sources */,
				0B193EAB1DD893A50023DFEB /* Info.swift in Sources */,
				0B2861851DD679FA00A3F74D /* Facebook.swift in Sources */,
				C6EEF9F61CB7E2AD00A3DC6D /* Storico.swift in Sources */,
				0B193EAD1DD893DA0023DFEB /* HyundaiTucsonItalia.swift in Sources */,
				0B193EA91DD891150023DFEB /* Impostazioni.swift in Sources */,
				C6EEF9F81CB7E4E000A3DC6D /* Mappa.swift in Sources */,
				753A55E31BB0753B00254F27 /* MenuViewController.swift in Sources */,
				753A55C31BB073E900254F27 /* AppDelegate.swift in Sources */,
			);
			runOnlyForDeploymentPostprocessing = 0;
		};
/* End PBXSourcesBuildPhase section */

/* Begin PBXVariantGroup section */
		0B193EB21DD8A92F0023DFEB /* LaunchScreen.xib */ = {
			isa = PBXVariantGroup;
			children = (
				0B193EB31DD8A92F0023DFEB /* Base */,
			);
			name = LaunchScreen.xib;
			sourceTree = "<group>";
		};
		0B193EB51DD8A94A0023DFEB /* LaunchScreen.strings */ = {
			isa = PBXVariantGroup;
			children = (
				0B193EBB1DD8A9600023DFEB /* it */,
				0B2145841DE799D1007BA1E7 /* Base */,
			);
			name = LaunchScreen.strings;
			sourceTree = "<group>";
		};
		0B2E04A01DD7BD960011C9CF /* Localizable.strings */ = {
			isa = PBXVariantGroup;
			children = (
				0B2E04A11DD7BD9D0011C9CF /* Base */,
				0B2E04A21DD7BE290011C9CF /* it */,
			);
			name = Localizable.strings;
			sourceTree = "<group>";
		};
		753A55C61BB073E900254F27 /* Main.storyboard */ = {
			isa = PBXVariantGroup;
			children = (
				753A55C71BB073E900254F27 /* Base */,
			);
			name = Main.storyboard;
			sourceTree = "<group>";
		};
/* End PBXVariantGroup section */

/* Begin XCBuildConfiguration section */
		753A55DA1BB073E900254F27 /* Debug */ = {
			isa = XCBuildConfiguration;
			buildSettings = {
				ALWAYS_SEARCH_USER_PATHS = NO;
				CLANG_ANALYZER_LOCALIZABILITY_NONLOCALIZED = YES;
				CLANG_CXX_LANGUAGE_STANDARD = "gnu++0x";
				CLANG_CXX_LIBRARY = "libc++";
				CLANG_ENABLE_MODULES = YES;
				CLANG_ENABLE_OBJC_ARC = YES;
				CLANG_WARN_BOOL_CONVERSION = YES;
				CLANG_WARN_CONSTANT_CONVERSION = YES;
				CLANG_WARN_DIRECT_OBJC_ISA_USAGE = YES_ERROR;
				CLANG_WARN_EMPTY_BODY = YES;
				CLANG_WARN_ENUM_CONVERSION = YES;
				CLANG_WARN_INFINITE_RECURSION = YES;
				CLANG_WARN_INT_CONVERSION = YES;
				CLANG_WARN_OBJC_ROOT_CLASS = YES_ERROR;
				CLANG_WARN_SUSPICIOUS_MOVE = YES;
				CLANG_WARN_UNREACHABLE_CODE = YES;
				CLANG_WARN__DUPLICATE_METHOD_MATCH = YES;
				"CODE_SIGN_IDENTITY[sdk=iphoneos*]" = "iPhone Developer";
				COPY_PHASE_STRIP = NO;
				DEBUG_INFORMATION_FORMAT = "dwarf-with-dsym";
				ENABLE_STRICT_OBJC_MSGSEND = YES;
				ENABLE_TESTABILITY = YES;
				GCC_C_LANGUAGE_STANDARD = gnu99;
				GCC_DYNAMIC_NO_PIC = NO;
				GCC_NO_COMMON_BLOCKS = YES;
				GCC_OPTIMIZATION_LEVEL = 0;
				GCC_PREPROCESSOR_DEFINITIONS = (
					"DEBUG=1",
					"$(inherited)",
				);
				GCC_SYMBOLS_PRIVATE_EXTERN = NO;
				GCC_WARN_64_TO_32_BIT_CONVERSION = YES;
				GCC_WARN_ABOUT_RETURN_TYPE = YES_ERROR;
				GCC_WARN_UNDECLARED_SELECTOR = YES;
				GCC_WARN_UNINITIALIZED_AUTOS = YES_AGGRESSIVE;
				GCC_WARN_UNUSED_FUNCTION = YES;
				GCC_WARN_UNUSED_VARIABLE = YES;
				IPHONEOS_DEPLOYMENT_TARGET = 8.4;
				MTL_ENABLE_DEBUG_INFO = YES;
				ONLY_ACTIVE_ARCH = YES;
				SDKROOT = iphoneos;
				SWIFT_OPTIMIZATION_LEVEL = "-Onone";
			};
			name = Debug;
		};
		753A55DB1BB073E900254F27 /* Release */ = {
			isa = XCBuildConfiguration;
			buildSettings = {
				ALWAYS_SEARCH_USER_PATHS = NO;
				CLANG_ANALYZER_LOCALIZABILITY_NONLOCALIZED = YES;
				CLANG_CXX_LANGUAGE_STANDARD = "gnu++0x";
				CLANG_CXX_LIBRARY = "libc++";
				CLANG_ENABLE_MODULES = YES;
				CLANG_ENABLE_OBJC_ARC = YES;
				CLANG_WARN_BOOL_CONVERSION = YES;
				CLANG_WARN_CONSTANT_CONVERSION = YES;
				CLANG_WARN_DIRECT_OBJC_ISA_USAGE = YES_ERROR;
				CLANG_WARN_EMPTY_BODY = YES;
				CLANG_WARN_ENUM_CONVERSION = YES;
				CLANG_WARN_INFINITE_RECURSION = YES;
				CLANG_WARN_INT_CONVERSION = YES;
				CLANG_WARN_OBJC_ROOT_CLASS = YES_ERROR;
				CLANG_WARN_SUSPICIOUS_MOVE = YES;
				CLANG_WARN_UNREACHABLE_CODE = YES;
				CLANG_WARN__DUPLICATE_METHOD_MATCH = YES;
				"CODE_SIGN_IDENTITY[sdk=iphoneos*]" = "iPhone Developer";
				COPY_PHASE_STRIP = NO;
				DEBUG_INFORMATION_FORMAT = "dwarf-with-dsym";
				ENABLE_NS_ASSERTIONS = NO;
				ENABLE_STRICT_OBJC_MSGSEND = YES;
				GCC_C_LANGUAGE_STANDARD = gnu99;
				GCC_NO_COMMON_BLOCKS = YES;
				GCC_WARN_64_TO_32_BIT_CONVERSION = YES;
				GCC_WARN_ABOUT_RETURN_TYPE = YES_ERROR;
				GCC_WARN_UNDECLARED_SELECTOR = YES;
				GCC_WARN_UNINITIALIZED_AUTOS = YES_AGGRESSIVE;
				GCC_WARN_UNUSED_FUNCTION = YES;
				GCC_WARN_UNUSED_VARIABLE = YES;
				IPHONEOS_DEPLOYMENT_TARGET = 8.4;
				MTL_ENABLE_DEBUG_INFO = NO;
				SDKROOT = iphoneos;
				VALIDATE_PRODUCT = YES;
			};
			name = Release;
		};
		753A55DD1BB073E900254F27 /* Debug */ = {
			isa = XCBuildConfiguration;
			baseConfigurationReference = 05A8807611E6B82A8243C81A /* Pods-Tucson.debug.xcconfig */;
			buildSettings = {
				ASSETCATALOG_COMPILER_APPICON_NAME = AppIcon;
				CODE_SIGN_ENTITLEMENTS = Tucson.entitlements;
				DEVELOPMENT_TEAM = G953MQ5VV3;
				FRAMEWORK_SEARCH_PATHS = (
					"$(inherited)",
					"$(PROJECT_DIR)/AKSwiftSlideMenu",
					"~/Documents/FacebookSDK",
					"$(PROJECT_DIR)",
					"$(SRCROOT)",
				);
				"FRAMEWORK_SEARCH_PATHS[arch=*]" = (
					"$(inherited)",
					"$(PROJECT_DIR)/AKSwiftSlideMenu",
					"~/Documents/FacebookSDK",
					"$(PROJECT_DIR)",
				);
				HEADER_SEARCH_PATHS = (
					"$(inherited)",
					"\"${PODS_ROOT}/Headers/Public\"",
					"\"${PODS_ROOT}/Headers/Public/GoogleMaps\"",
					"\"${PODS_ROOT}/Headers/Public/GooglePlaces\"",
					"~/Documents/FacebookSDK",
				);
				INFOPLIST_FILE = AKSwiftSlideMenu/Info.plist;
				IPHONEOS_DEPLOYMENT_TARGET = 9.0;
				LD_RUNPATH_SEARCH_PATHS = "$(inherited) @executable_path/Frameworks";
				PRODUCT_BUNDLE_IDENTIFIER = it.angelo.massaro.tucson;
				PRODUCT_NAME = "$(TARGET_NAME)";
				SWIFT_VERSION = 3.0;
			};
			name = Debug;
		};
		753A55DE1BB073E900254F27 /* Release */ = {
			isa = XCBuildConfiguration;
			baseConfigurationReference = 228DF07774E9FC6604BB9C58 /* Pods-Tucson.release.xcconfig */;
			buildSettings = {
				ASSETCATALOG_COMPILER_APPICON_NAME = AppIcon;
				CODE_SIGN_ENTITLEMENTS = Tucson.entitlements;
				DEVELOPMENT_TEAM = G953MQ5VV3;
				FRAMEWORK_SEARCH_PATHS = (
					"$(inherited)",
					"$(PROJECT_DIR)/AKSwiftSlideMenu",
					"~/Documents/FacebookSDK",
					"$(PROJECT_DIR)",
					"$(SRCROOT)",
				);
				"FRAMEWORK_SEARCH_PATHS[arch=*]" = (
					"$(inherited)",
					"$(PROJECT_DIR)/AKSwiftSlideMenu",
					"~/Documents/FacebookSDK",
					"$(PROJECT_DIR)",
				);
				HEADER_SEARCH_PATHS = (
					"$(inherited)",
					"\"${PODS_ROOT}/Headers/Public\"",
					"\"${PODS_ROOT}/Headers/Public/GoogleMaps\"",
					"\"${PODS_ROOT}/Headers/Public/GooglePlaces\"",
					"~/Documents/FacebookSDK",
				);
				INFOPLIST_FILE = AKSwiftSlideMenu/Info.plist;
				IPHONEOS_DEPLOYMENT_TARGET = 9.0;
				LD_RUNPATH_SEARCH_PATHS = "$(inherited) @executable_path/Frameworks";
				PRODUCT_BUNDLE_IDENTIFIER = it.angelo.massaro.tucson;
				PRODUCT_NAME = "$(TARGET_NAME)";
				SWIFT_OPTIMIZATION_LEVEL = "-Owholemodule";
				SWIFT_VERSION = 3.0;
			};
			name = Release;
		};
/* End XCBuildConfiguration section */

/* Begin XCConfigurationList section */
		753A55B81BB073E900254F27 /* Build configuration list for PBXProject "Tucson" */ = {
			isa = XCConfigurationList;
			buildConfigurations = (
				753A55DA1BB073E900254F27 /* Debug */,
				753A55DB1BB073E900254F27 /* Release */,
			);
			defaultConfigurationIsVisible = 0;
			defaultConfigurationName = Release;
		};
		753A55DC1BB073E900254F27 /* Build configuration list for PBXNativeTarget "Tucson" */ = {
			isa = XCConfigurationList;
			buildConfigurations = (
				753A55DD1BB073E900254F27 /* Debug */,
				753A55DE1BB073E900254F27 /* Release */,
			);
			defaultConfigurationIsVisible = 0;
			defaultConfigurationName = Release;
		};
/* End XCConfigurationList section */
	};
	rootObject = 753A55B51BB073E900254F27 /* Project object */;
}
